
Microsoft Visual Studio Solution File, Format Version 12.00
# Visual Studio Version 17
VisualStudioVersion = 17.9.34701.34
MinimumVisualStudioVersion = 10.0.40219.1
Project("{8BC9CEB8-8B4A-11D0-8D11-00A0C91BC942}") = "SfTHook", "SfTHook\SfTHook.vcxproj", "{22FBD7C2-660D-4037-8289-A10FA6A267DC}"
EndProject
Project("{8BC9CEB8-8B4A-11D0-8D11-00A0C91BC942}") = "mi_nt_svc", "mi_nt_svc\mi_id_svc.vcxproj", "{32AA41B2-9363-4D0D-80FA-EC2CD866BCA2}"
EndProject
Project("{8BC9CEB8-8B4A-11D0-8D11-00A0C91BC942}") = "Maker_Tool", "Maker_Tool\Maker_Tool.vcxproj", "{096E733F-5CD3-4BB2-AEA9-FE9BA76E143D}"
EndProject
Project("{8BC9CEB8-8B4A-11D0-8D11-00A0C91BC942}") = "MyInstaller", "MyInstaller\MyInstaller.vcxproj", "{5C7485A0-FFB3-433E-873D-0E74742626B0}"
	ProjectSection(ProjectDependencies) = postProject
		{22FBD7C2-660D-4037-8289-A10FA6A267DC} = {22FBD7C2-660D-4037-8289-A10FA6A267DC}
		{32AA41B2-9363-4D0D-80FA-EC2CD866BCA2} = {32AA41B2-9363-4D0D-80FA-EC2CD866BCA2}
		{DBE6CC9C-D3CE-40B4-B491-B64AF7E42ED7} = {DBE6CC9C-D3CE-40B4-B491-B64AF7E42ED7}
	EndProjectSection
EndProject
Project("{8BC9CEB8-8B4A-11D0-8D11-00A0C91BC942}") = "xagent", "xagent\xagent.vcxproj", "{DBE6CC9C-D3CE-40B4-B491-B64AF7E42ED7}"
EndProject
Project("{8BC9CEB8-8B4A-11D0-8D11-00A0C91BC942}") = "xMySign", "xMySign\xMySign.vcxproj", "{941D82C8-4A4B-4508-83F8-9F1507E86C52}"
	ProjectSection(ProjectDependencies) = postProject
		{22FBD7C2-660D-4037-8289-A10FA6A267DC} = {22FBD7C2-660D-4037-8289-A10FA6A267DC}
		{32AA41B2-9363-4D0D-80FA-EC2CD866BCA2} = {32AA41B2-9363-4D0D-80FA-EC2CD866BCA2}
		{68FDBE5C-2431-42AA-B82D-993F8025FF59} = {68FDBE5C-2431-42AA-B82D-993F8025FF59}
	EndProjectSection
EndProject
Project("{8BC9CEB8-8B4A-11D0-8D11-00A0C91BC942}") = "Uninstall", "Uninstall\Uninstall.vcxproj", "{68FDBE5C-2431-42AA-B82D-993F8025FF59}"
EndProject
Project("{8BC9CEB8-8B4A-11D0-8D11-00A0C91BC942}") = "mi_up_time", "mi_up_time\mi_up_time.vcxproj", "{7527F1A0-BE1B-4AA7-8556-9A3EA056ED78}"
EndProject
Project("{8BC9CEB8-8B4A-11D0-8D11-00A0C91BC942}") = "WebInstaller", "WebInstaller\WebInstaller.vcxproj", "{5EC19B7F-7506-4798-B725-2C5932C487DD}"
	ProjectSection(ProjectDependencies) = postProject
		{F69141F3-E64D-4046-ABFF-ABBE63F6B273} = {F69141F3-E64D-4046-ABFF-ABBE63F6B273}
	EndProjectSection
EndProject
Project("{8BC9CEB8-8B4A-11D0-8D11-00A0C91BC942}") = "websvc", "websvc\websvc.vcxproj", "{F69141F3-E64D-4046-ABFF-ABBE63F6B273}"
EndProject
Project("{8BC9CEB8-8B4A-11D0-8D11-00A0C91BC942}") = "WebInstaller_NonSvc", "WebInstaller_NonSvc\WebInstaller_NonSvc.vcxproj", "{1C1B12B1-DA69-4679-A94F-398CA2DB40AB}"
EndProject
Global
	GlobalSection(SolutionConfigurationPlatforms) = preSolution
		Debug|x64 = Debug|x64
		Debug|x86 = Debug|x86
		Release|x64 = Release|x64
		Release|x86 = Release|x86
	EndGlobalSection
	GlobalSection(ProjectConfigurationPlatforms) = postSolution
		{22FBD7C2-660D-4037-8289-A10FA6A267DC}.Debug|x64.ActiveCfg = Debug|x64
		{22FBD7C2-660D-4037-8289-A10FA6A267DC}.Debug|x64.Build.0 = Debug|x64
		{22FBD7C2-660D-4037-8289-A10FA6A267DC}.Debug|x86.ActiveCfg = Debug|Win32
		{22FBD7C2-660D-4037-8289-A10FA6A267DC}.Debug|x86.Build.0 = Debug|Win32
		{22FBD7C2-660D-4037-8289-A10FA6A267DC}.Release|x64.ActiveCfg = Release|x64
		{22FBD7C2-660D-4037-8289-A10FA6A267DC}.Release|x64.Build.0 = Release|x64
		{22FBD7C2-660D-4037-8289-A10FA6A267DC}.Release|x86.ActiveCfg = Release|Win32
		{22FBD7C2-660D-4037-8289-A10FA6A267DC}.Release|x86.Build.0 = Release|Win32
		{32AA41B2-9363-4D0D-80FA-EC2CD866BCA2}.Debug|x64.ActiveCfg = Debug|x64
		{32AA41B2-9363-4D0D-80FA-EC2CD866BCA2}.Debug|x64.Build.0 = Debug|x64
		{32AA41B2-9363-4D0D-80FA-EC2CD866BCA2}.Debug|x86.ActiveCfg = Debug|Win32
		{32AA41B2-9363-4D0D-80FA-EC2CD866BCA2}.Debug|x86.Build.0 = Debug|Win32
		{32AA41B2-9363-4D0D-80FA-EC2CD866BCA2}.Release|x64.ActiveCfg = Release|x64
		{32AA41B2-9363-4D0D-80FA-EC2CD866BCA2}.Release|x64.Build.0 = Release|x64
		{32AA41B2-9363-4D0D-80FA-EC2CD866BCA2}.Release|x86.ActiveCfg = Release|Win32
		{32AA41B2-9363-4D0D-80FA-EC2CD866BCA2}.Release|x86.Build.0 = Release|Win32
		{096E733F-5CD3-4BB2-AEA9-FE9BA76E143D}.Debug|x64.ActiveCfg = Debug|x64
		{096E733F-5CD3-4BB2-AEA9-FE9BA76E143D}.Debug|x64.Build.0 = Debug|x64
		{096E733F-5CD3-4BB2-AEA9-FE9BA76E143D}.Debug|x86.ActiveCfg = Debug|Win32
		{096E733F-5CD3-4BB2-AEA9-FE9BA76E143D}.Debug|x86.Build.0 = Debug|Win32
		{096E733F-5CD3-4BB2-AEA9-FE9BA76E143D}.Release|x64.ActiveCfg = Release|x64
		{096E733F-5CD3-4BB2-AEA9-FE9BA76E143D}.Release|x64.Build.0 = Release|x64
		{096E733F-5CD3-4BB2-AEA9-FE9BA76E143D}.Release|x86.ActiveCfg = Release|Win32
		{096E733F-5CD3-4BB2-AEA9-FE9BA76E143D}.Release|x86.Build.0 = Release|Win32
		{5C7485A0-FFB3-433E-873D-0E74742626B0}.Debug|x64.ActiveCfg = Debug|x64
		{5C7485A0-FFB3-433E-873D-0E74742626B0}.Debug|x64.Build.0 = Debug|x64
		{5C7485A0-FFB3-433E-873D-0E74742626B0}.Debug|x86.ActiveCfg = Debug|Win32
		{5C7485A0-FFB3-433E-873D-0E74742626B0}.Debug|x86.Build.0 = Debug|Win32
		{5C7485A0-FFB3-433E-873D-0E74742626B0}.Release|x64.ActiveCfg = Release|x64
		{5C7485A0-FFB3-433E-873D-0E74742626B0}.Release|x64.Build.0 = Release|x64
		{5C7485A0-FFB3-433E-873D-0E74742626B0}.Release|x86.ActiveCfg = Release|Win32
		{5C7485A0-FFB3-433E-873D-0E74742626B0}.Release|x86.Build.0 = Release|Win32
		{DBE6CC9C-D3CE-40B4-B491-B64AF7E42ED7}.Debug|x64.ActiveCfg = Debug|x64
		{DBE6CC9C-D3CE-40B4-B491-B64AF7E42ED7}.Debug|x64.Build.0 = Debug|x64
		{DBE6CC9C-D3CE-40B4-B491-B64AF7E42ED7}.Debug|x86.ActiveCfg = Debug|Win32
		{DBE6CC9C-D3CE-40B4-B491-B64AF7E42ED7}.Debug|x86.Build.0 = Debug|Win32
		{DBE6CC9C-D3CE-40B4-B491-B64AF7E42ED7}.Release|x64.ActiveCfg = Release|x64
		{DBE6CC9C-D3CE-40B4-B491-B64AF7E42ED7}.Release|x64.Build.0 = Release|x64
		{DBE6CC9C-D3CE-40B4-B491-B64AF7E42ED7}.Release|x86.ActiveCfg = Release|Win32
		{DBE6CC9C-D3CE-40B4-B491-B64AF7E42ED7}.Release|x86.Build.0 = Release|Win32
		{941D82C8-4A4B-4508-83F8-9F1507E86C52}.Debug|x64.ActiveCfg = Debug|x64
		{941D82C8-4A4B-4508-83F8-9F1507E86C52}.Debug|x64.Build.0 = Debug|x64
		{941D82C8-4A4B-4508-83F8-9F1507E86C52}.Debug|x86.ActiveCfg = Debug|Win32
		{941D82C8-4A4B-4508-83F8-9F1507E86C52}.Debug|x86.Build.0 = Debug|Win32
		{941D82C8-4A4B-4508-83F8-9F1507E86C52}.Release|x64.ActiveCfg = Release|x64
		{941D82C8-4A4B-4508-83F8-9F1507E86C52}.Release|x64.Build.0 = Release|x64
		{941D82C8-4A4B-4508-83F8-9F1507E86C52}.Release|x86.ActiveCfg = Release|Win32
		{941D82C8-4A4B-4508-83F8-9F1507E86C52}.Release|x86.Build.0 = Release|Win32
		{68FDBE5C-2431-42AA-B82D-993F8025FF59}.Debug|x64.ActiveCfg = Debug|x64
		{68FDBE5C-2431-42AA-B82D-993F8025FF59}.Debug|x64.Build.0 = Debug|x64
		{68FDBE5C-2431-42AA-B82D-993F8025FF59}.Debug|x86.ActiveCfg = Debug|Win32
		{68FDBE5C-2431-42AA-B82D-993F8025FF59}.Debug|x86.Build.0 = Debug|Win32
		{68FDBE5C-2431-42AA-B82D-993F8025FF59}.Release|x64.ActiveCfg = Release|x64
		{68FDBE5C-2431-42AA-B82D-993F8025FF59}.Release|x64.Build.0 = Release|x64
		{68FDBE5C-2431-42AA-B82D-993F8025FF59}.Release|x86.ActiveCfg = Release|Win32
		{68FDBE5C-2431-42AA-B82D-993F8025FF59}.Release|x86.Build.0 = Release|Win32
		{7527F1A0-BE1B-4AA7-8556-9A3EA056ED78}.Debug|x64.ActiveCfg = Debug|x64
		{7527F1A0-BE1B-4AA7-8556-9A3EA056ED78}.Debug|x64.Build.0 = Debug|x64
		{7527F1A0-BE1B-4AA7-8556-9A3EA056ED78}.Debug|x86.ActiveCfg = Debug|Win32
		{7527F1A0-BE1B-4AA7-8556-9A3EA056ED78}.Debug|x86.Build.0 = Debug|Win32
		{7527F1A0-BE1B-4AA7-8556-9A3EA056ED78}.Release|x64.ActiveCfg = Release|x64
		{7527F1A0-BE1B-4AA7-8556-9A3EA056ED78}.Release|x64.Build.0 = Release|x64
		{7527F1A0-BE1B-4AA7-8556-9A3EA056ED78}.Release|x86.ActiveCfg = Release|Win32
		{7527F1A0-BE1B-4AA7-8556-9A3EA056ED78}.Release|x86.Build.0 = Release|Win32
		{5EC19B7F-7506-4798-B725-2C5932C487DD}.Debug|x64.ActiveCfg = Debug|x64
		{5EC19B7F-7506-4798-B725-2C5932C487DD}.Debug|x64.Build.0 = Debug|x64
		{5EC19B7F-7506-4798-B725-2C5932C487DD}.Debug|x86.ActiveCfg = Debug|Win32
		{5EC19B7F-7506-4798-B725-2C5932C487DD}.Debug|x86.Build.0 = Debug|Win32
		{5EC19B7F-7506-4798-B725-2C5932C487DD}.Release|x64.ActiveCfg = Release|x64
		{5EC19B7F-7506-4798-B725-2C5932C487DD}.Release|x64.Build.0 = Release|x64
		{5EC19B7F-7506-4798-B725-2C5932C487DD}.Release|x86.ActiveCfg = Release|Win32
		{5EC19B7F-7506-4798-B725-2C5932C487DD}.Release|x86.Build.0 = Release|Win32
		{F69141F3-E64D-4046-ABFF-ABBE63F6B273}.Debug|x64.ActiveCfg = Debug|x64
		{F69141F3-E64D-4046-ABFF-ABBE63F6B273}.Debug|x64.Build.0 = Debug|x64
		{F69141F3-E64D-4046-ABFF-ABBE63F6B273}.Debug|x86.ActiveCfg = Debug|Win32
		{F69141F3-E64D-4046-ABFF-ABBE63F6B273}.Debug|x86.Build.0 = Debug|Win32
		{F69141F3-E64D-4046-ABFF-ABBE63F6B273}.Release|x64.ActiveCfg = Release|x64
		{F69141F3-E64D-4046-ABFF-ABBE63F6B273}.Release|x64.Build.0 = Release|x64
		{F69141F3-E64D-4046-ABFF-ABBE63F6B273}.Release|x86.ActiveCfg = Release|Win32
		{F69141F3-E64D-4046-ABFF-ABBE63F6B273}.Release|x86.Build.0 = Release|Win32
		{1C1B12B1-DA69-4679-A94F-398CA2DB40AB}.Debug|x64.ActiveCfg = Debug|x64
		{1C1B12B1-DA69-4679-A94F-398CA2DB40AB}.Debug|x64.Build.0 = Debug|x64
		{1C1B12B1-DA69-4679-A94F-398CA2DB40AB}.Debug|x86.ActiveCfg = Debug|Win32
		{1C1B12B1-DA69-4679-A94F-398CA2DB40AB}.Debug|x86.Build.0 = Debug|Win32
		{1C1B12B1-DA69-4679-A94F-398CA2DB40AB}.Release|x64.ActiveCfg = Release|x64
		{1C1B12B1-DA69-4679-A94F-398CA2DB40AB}.Release|x64.Build.0 = Release|x64
		{1C1B12B1-DA69-4679-A94F-398CA2DB40AB}.Release|x86.ActiveCfg = Release|Win32
		{1C1B12B1-DA69-4679-A94F-398CA2DB40AB}.Release|x86.Build.0 = Release|Win32
	EndGlobalSection
	GlobalSection(SolutionProperties) = preSolution
		HideSolutionNode = FALSE
	EndGlobalSection
	GlobalSection(ExtensibilityGlobals) = postSolution
		SolutionGuid = {B79B6293-B0F0-4398-9DE4-8C332FCE3D47}
	EndGlobalSection
EndGlobal
